
Microsoft Visual Studio Solution File, Format Version 12.00
# Visual Studio 2015
Project("{FAE04EC0-301F-11D3-BF4B-00C04F79EFBC}") = "DisciplinaFog", "DisciplinaFog.csproj", "{D89E7FAA-A061-10ED-4433-0BB1DC4547F0}"
EndProject
Project("{FAE04EC0-301F-11D3-BF4B-00C04F79EFBC}") = "DisciplinaFog.Editor", "DisciplinaFog.Editor.csproj", "{45B65FDD-E2FA-272F-A5A3-A09E697AF578}"
EndProject
Global
	GlobalSection(SolutionConfigurationPlatforms) = preSolution
		Debug|Any CPU = Debug|Any CPU
		Release|Any CPU = Release|Any CPU
	EndGlobalSection
	GlobalSection(ProjectConfigurationPlatforms) = postSolution
		{D89E7FAA-A061-10ED-4433-0BB1DC4547F0}.Debug|Any CPU.ActiveCfg = Debug|Any CPU
		{D89E7FAA-A061-10ED-4433-0BB1DC4547F0}.Debug|Any CPU.Build.0 = Debug|Any CPU
		{D89E7FAA-A061-10ED-4433-0BB1DC4547F0}.Release|Any CPU.ActiveCfg = Release|Any CPU
		{D89E7FAA-A061-10ED-4433-0BB1DC4547F0}.Release|Any CPU.Build.0 = Release|Any CPU
		{45B65FDD-E2FA-272F-A5A3-A09E697AF578}.Debug|Any CPU.ActiveCfg = Debug|Any CPU
		{45B65FDD-E2FA-272F-A5A3-A09E697AF578}.Debug|Any CPU.Build.0 = Debug|Any CPU
		{45B65FDD-E2FA-272F-A5A3-A09E697AF578}.Release|Any CPU.ActiveCfg = Release|Any CPU
		{45B65FDD-E2FA-272F-A5A3-A09E697AF578}.Release|Any CPU.Build.0 = Release|Any CPU
	EndGlobalSection
	GlobalSection(SolutionProperties) = preSolution
		HideSolutionNode = FALSE
	EndGlobalSection
EndGlobal
